
Microsoft Visual Studio Solution File, Format Version 12.00
# Visual Studio Version 17
VisualStudioVersion = 17.14.36603.0
MinimumVisualStudioVersion = 10.0.40219.1
Project("{FAE04EC0-301F-11D3-BF4B-00C04F79EFBC}") = "NHSPatientPortal", "NHSPatientPortal.csproj", "{8861DC88-57D0-4927-ACBD-B6E5CB63ACA9}"
EndProject
Project("{FAE04EC0-301F-11D3-BF4B-00C04F79EFBC}") = "PatientPortalTest", "..\..\PatientPortalTest\PatientPortalTest.csproj", "{66B235E0-B97E-5D20-95C6-F86CD8161A90}"
EndProject
Global
	GlobalSection(SolutionConfigurationPlatforms) = preSolution
		Debug|Any CPU = Debug|Any CPU
		Release|Any CPU = Release|Any CPU
	EndGlobalSection
	GlobalSection(ProjectConfigurationPlatforms) = postSolution
		{8861DC88-57D0-4927-ACBD-B6E5CB63ACA9}.Debug|Any CPU.ActiveCfg = Debug|Any CPU
		{8861DC88-57D0-4927-ACBD-B6E5CB63ACA9}.Debug|Any CPU.Build.0 = Debug|Any CPU
		{8861DC88-57D0-4927-ACBD-B6E5CB63ACA9}.Release|Any CPU.ActiveCfg = Release|Any CPU
		{8861DC88-57D0-4927-ACBD-B6E5CB63ACA9}.Release|Any CPU.Build.0 = Release|Any CPU
		{66B235E0-B97E-5D20-95C6-F86CD8161A90}.Debug|Any CPU.ActiveCfg = Debug|Any CPU
		{66B235E0-B97E-5D20-95C6-F86CD8161A90}.Debug|Any CPU.Build.0 = Debug|Any CPU
		{66B235E0-B97E-5D20-95C6-F86CD8161A90}.Release|Any CPU.ActiveCfg = Release|Any CPU
		{66B235E0-B97E-5D20-95C6-F86CD8161A90}.Release|Any CPU.Build.0 = Release|Any CPU
	EndGlobalSection
	GlobalSection(SolutionProperties) = preSolution
		HideSolutionNode = FALSE
	EndGlobalSection
	GlobalSection(ExtensibilityGlobals) = postSolution
		SolutionGuid = {C0198233-0873-42BC-9CD8-E45EDF425E6B}
	EndGlobalSection
EndGlobal
